{
  "version": 4,
  "terraform_version": "1.0.3",
  "serial": 18,
  "lineage": "b6447a9f-bf42-56e4-1f2e-a88f7105312a",
  "outputs": {
    "vcn_cidr": {
      "value": "172.16.0.0/20",
      "type": "string"
    },
    "vcn_state": {
      "value": "AVAILABLE",
      "type": "string"
    }
  },
  "resources": [
    {
      "mode": "managed",
      "type": "oci_core_subnet",
      "name": "dev",
      "provider": "provider[\"registry.terraform.io/hashicorp/oci\"]",
      "instances": [
        {
          "schema_version": 0,
          "attributes": {
            "availability_domain": null,
            "cidr_block": "172.16.0.0/24",
            "compartment_id": "ocid1.compartment.oc1..aaaaaaaafq5mf7oe5sqaf4dob7cymoioqzuzu3vy3arjygasm3dbhg6q2o3a",
            "defined_tags": {
              "Oracle-Tags.CreatedBy": "console",
              "Oracle-Tags.CreatedOn": "2021-07-29T18:41:38.410Z"
            },
            "dhcp_options_id": "ocid1.dhcpoptions.oc1.iad.aaaaaaaanammw63wmfgcl7q465tuzjozi3peg7hsk24t2ur7saelllzg7u3q",
            "display_name": "Developer's subnet 1",
            "dns_label": "dev",
            "freeform_tags": {},
            "id": "ocid1.subnet.oc1.iad.aaaaaaaalg3x6mpubewrwappfqbyrztqeuw74cl6plv3jfg3t3muhqfsi7fa",
            "ipv6cidr_block": null,
            "ipv6virtual_router_ip": null,
            "prohibit_internet_ingress": true,
            "prohibit_public_ip_on_vnic": true,
            "route_table_id": "ocid1.routetable.oc1.iad.aaaaaaaanky4kaojy3qyoszvovqfjfdqvjzkvjsh7x4jc6dq4qtipr3enr7a",
            "security_list_ids": [
              "ocid1.securitylist.oc1.iad.aaaaaaaaftnwx4zc534vu4sdezgqwusqflgcbgmpu3iq2jdqbvbwsvfjzxwq"
            ],
            "state": "AVAILABLE",
            "subnet_domain_name": "dev.internal.oraclevcn.com",
            "time_created": "2021-07-29 18:41:38.427 +0000 UTC",
            "timeouts": null,
            "vcn_id": "ocid1.vcn.oc1.iad.amaaaaaam6wxoyqasnvpbb66e5mtpvy5nyponcfnswbyk2ycauginznes7ia",
            "virtual_router_ip": "172.16.0.1",
            "virtual_router_mac": "00:00:17:E7:E4:EC"
          },
          "sensitive_attributes": [],
          "private": "eyJlMmJmYjczMC1lY2FhLTExZTYtOGY4OC0zNDM2M2JjN2M0YzAiOnsiY3JlYXRlIjoxMjAwMDAwMDAwMDAwLCJkZWxldGUiOjEyMDAwMDAwMDAwMDAsInVwZGF0ZSI6MTIwMDAwMDAwMDAwMH19",
          "dependencies": [
            "oci_core_vcn.internal"
          ]
        }
      ]
    },
    {
      "mode": "managed",
      "type": "oci_core_vcn",
      "name": "internal",
      "provider": "provider[\"registry.terraform.io/hashicorp/oci\"]",
      "instances": [
        {
          "schema_version": 0,
          "attributes": {
            "cidr_block": "172.16.0.0/20",
            "cidr_blocks": [
              "172.16.0.0/20"
            ],
            "compartment_id": "ocid1.compartment.oc1..aaaaaaaafq5mf7oe5sqaf4dob7cymoioqzuzu3vy3arjygasm3dbhg6q2o3a",
            "default_dhcp_options_id": "ocid1.dhcpoptions.oc1.iad.aaaaaaaanammw63wmfgcl7q465tuzjozi3peg7hsk24t2ur7saelllzg7u3q",
            "default_route_table_id": "ocid1.routetable.oc1.iad.aaaaaaaanky4kaojy3qyoszvovqfjfdqvjzkvjsh7x4jc6dq4qtipr3enr7a",
            "default_security_list_id": "ocid1.securitylist.oc1.iad.aaaaaaaaftnwx4zc534vu4sdezgqwusqflgcbgmpu3iq2jdqbvbwsvfjzxwq",
            "defined_tags": {
              "Oracle-Tags.CreatedBy": "console",
              "Oracle-Tags.CreatedOn": "2021-07-29T18:41:36.938Z"
            },
            "display_name": "Dev VCN",
            "dns_label": "internal",
            "freeform_tags": {},
            "id": "ocid1.vcn.oc1.iad.amaaaaaam6wxoyqasnvpbb66e5mtpvy5nyponcfnswbyk2ycauginznes7ia",
            "ipv6cidr_blocks": [],
            "is_ipv6enabled": false,
            "state": "AVAILABLE",
            "time_created": "2021-07-29 18:41:36.941 +0000 UTC",
            "timeouts": null,
            "vcn_domain_name": "internal.oraclevcn.com"
          },
          "sensitive_attributes": [],
          "private": "eyJlMmJmYjczMC1lY2FhLTExZTYtOGY4OC0zNDM2M2JjN2M0YzAiOnsiY3JlYXRlIjoxMjAwMDAwMDAwMDAwLCJkZWxldGUiOjEyMDAwMDAwMDAwMDAsInVwZGF0ZSI6MTIwMDAwMDAwMDAwMH19"
        }
      ]
    }
  ]
}
